PODS:
  - Flutter (1.0.0)
  - pip (0.0.1):
    - Flutter

DEPENDENCIES:
  - Flutter (from `Flutter`)
  - pip (from `.symlinks/plugins/pip/ios`)

EXTERNAL SOURCES:
  Flutter:
    :path: Flutter
  pip:
    :path: ".symlinks/plugins/pip/ios"

SPEC CHECKSUMS:
  Flutter: cabc95a1d2626b1b06e7179b784ebcf0c0cde467
  pip: 6d6bd5ae42bf68b1c34d56dcced0d7c46b683d18

PODFILE CHECKSUM: 3c63482e143d1b91d2d2560aee9fb04ecc74ac7e

COCOAPODS: 1.16.2
